
Microsoft Visual Studio Solution File, Format Version 12.00
# Visual Studio Version 17
VisualStudioVersion = 17.3.32901.215
MinimumVisualStudioVersion = 10.0.40219.1
Project("{FAE04EC0-301F-11D3-BF4B-00C04F79EFBC}") = "final smester 1 project", "final smester 1 project\final smester 1 project.csproj", "{B2EE1E80-A781-492B-8B4A-C0E9D55FE368}"
EndProject
Global
	GlobalSection(SolutionConfigurationPlatforms) = preSolution
		Debug|Any CPU = Debug|Any CPU
		Release|Any CPU = Release|Any CPU
	EndGlobalSection
	GlobalSection(ProjectConfigurationPlatforms) = postSolution
		{B2EE1E80-A781-492B-8B4A-C0E9D55FE368}.Debug|Any CPU.ActiveCfg = Debug|Any CPU
		{B2EE1E80-A781-492B-8B4A-C0E9D55FE368}.Debug|Any CPU.Build.0 = Debug|Any CPU
		{B2EE1E80-A781-492B-8B4A-C0E9D55FE368}.Release|Any CPU.ActiveCfg = Release|Any CPU
		{B2EE1E80-A781-492B-8B4A-C0E9D55FE368}.Release|Any CPU.Build.0 = Release|Any CPU
	EndGlobalSection
	GlobalSection(SolutionProperties) = preSolution
		HideSolutionNode = FALSE
	EndGlobalSection
	GlobalSection(ExtensibilityGlobals) = postSolution
		SolutionGuid = {1A93A99E-8751-4C1D-BF87-B8D45A9178B8}
	EndGlobalSection
EndGlobal
